
Microsoft Visual Studio Solution File, Format Version 12.00
# Visual Studio 15
VisualStudioVersion = 15.0.27428.2002
MinimumVisualStudioVersion = 10.0.40219.1
Project("{FAE04EC0-301F-11D3-BF4B-00C04F79EFBC}") = "Task3", "Task3\Task3.csproj", "{0FF647D3-6232-4A39-8E9C-BA8E8588789F}"
EndProject
Global
	GlobalSection(SolutionConfigurationPlatforms) = preSolution
		Debug|Any CPU = Debug|Any CPU
		Release|Any CPU = Release|Any CPU
	EndGlobalSection
	GlobalSection(ProjectConfigurationPlatforms) = postSolution
		{0FF647D3-6232-4A39-8E9C-BA8E8588789F}.Debug|Any CPU.ActiveCfg = Debug|Any CPU
		{0FF647D3-6232-4A39-8E9C-BA8E8588789F}.Debug|Any CPU.Build.0 = Debug|Any CPU
		{0FF647D3-6232-4A39-8E9C-BA8E8588789F}.Release|Any CPU.ActiveCfg = Release|Any CPU
		{0FF647D3-6232-4A39-8E9C-BA8E8588789F}.Release|Any CPU.Build.0 = Release|Any CPU
	EndGlobalSection
	GlobalSection(SolutionProperties) = preSolution
		HideSolutionNode = FALSE
	EndGlobalSection
	GlobalSection(ExtensibilityGlobals) = postSolution
		SolutionGuid = {30C02CD1-DF2C-4369-A601-4D50F8E0CA60}
	EndGlobalSection
EndGlobal
